
Microsoft Visual Studio Solution File, Format Version 12.00
# Visual Studio Version 17
VisualStudioVersion = 17.13.35825.156 d17.13
MinimumVisualStudioVersion = 10.0.40219.1
Project("{FAE04EC0-301F-11D3-BF4B-00C04F79EFBC}") = "WebApi", "MainProject\WebApi.csproj", "{48D1D5BC-0724-49C0-ADE1-EDAD9EFFD83F}"
EndProject
Project("{FAE04EC0-301F-11D3-BF4B-00C04F79EFBC}") = "WebApi.BLL", "WebApi.DLL\WebApi.BLL.csproj", "{FC174452-EB16-4B0B-822D-11A910CBFCF2}"
EndProject
Project("{FAE04EC0-301F-11D3-BF4B-00C04F79EFBC}") = "WebApi.DAL", "WebApi.DAL\WebApi.DAL.csproj", "{34E829ED-6641-47A8-9D57-51FC25C7BE92}"
EndProject
Global
	GlobalSection(SolutionConfigurationPlatforms) = preSolution
		Debug|Any CPU = Debug|Any CPU
		Release|Any CPU = Release|Any CPU
	EndGlobalSection
	GlobalSection(ProjectConfigurationPlatforms) = postSolution
		{48D1D5BC-0724-49C0-ADE1-EDAD9EFFD83F}.Debug|Any CPU.ActiveCfg = Debug|Any CPU
		{48D1D5BC-0724-49C0-ADE1-EDAD9EFFD83F}.Debug|Any CPU.Build.0 = Debug|Any CPU
		{48D1D5BC-0724-49C0-ADE1-EDAD9EFFD83F}.Release|Any CPU.ActiveCfg = Release|Any CPU
		{48D1D5BC-0724-49C0-ADE1-EDAD9EFFD83F}.Release|Any CPU.Build.0 = Release|Any CPU
		{FC174452-EB16-4B0B-822D-11A910CBFCF2}.Debug|Any CPU.ActiveCfg = Debug|Any CPU
		{FC174452-EB16-4B0B-822D-11A910CBFCF2}.Debug|Any CPU.Build.0 = Debug|Any CPU
		{FC174452-EB16-4B0B-822D-11A910CBFCF2}.Release|Any CPU.ActiveCfg = Release|Any CPU
		{FC174452-EB16-4B0B-822D-11A910CBFCF2}.Release|Any CPU.Build.0 = Release|Any CPU
		{34E829ED-6641-47A8-9D57-51FC25C7BE92}.Debug|Any CPU.ActiveCfg = Debug|Any CPU
		{34E829ED-6641-47A8-9D57-51FC25C7BE92}.Debug|Any CPU.Build.0 = Debug|Any CPU
		{34E829ED-6641-47A8-9D57-51FC25C7BE92}.Release|Any CPU.ActiveCfg = Release|Any CPU
		{34E829ED-6641-47A8-9D57-51FC25C7BE92}.Release|Any CPU.Build.0 = Release|Any CPU
	EndGlobalSection
	GlobalSection(SolutionProperties) = preSolution
		HideSolutionNode = FALSE
	EndGlobalSection
	GlobalSection(ExtensibilityGlobals) = postSolution
		SolutionGuid = {81DA72D3-199E-4FB3-9800-921FF1ADB642}
	EndGlobalSection
EndGlobal
